// !$*UTF8*$!
{
	archiveVersion = 1;
	classes = {
	};
	objectVersion = 46;
	objects = {

/* Begin PBXBuildFile section */
		9B867C871F17EDEE002E6901 /* AppDelegate.swift in Sources */ = {isa = PBXBuildFile; fileRef = 9B867C861F17EDEE002E6901 /* AppDelegate.swift */; };
		9B867C891F17EDEE002E6901 /* ViewController.swift in Sources */ = {isa = PBXBuildFile; fileRef = 9B867C881F17EDEE002E6901 /* ViewController.swift */; };
		9B867C8C1F17EDEE002E6901 /* Main.storyboard in Resources */ = {isa = PBXBuildFile; fileRef = 9B867C8A1F17EDEE002E6901 /* Main.storyboard */; };
		9B867C8E1F17EDEE002E6901 /* Assets.xcassets in Resources */ = {isa = PBXBuildFile; fileRef = 9B867C8D1F17EDEE002E6901 /* Assets.xcassets */; };
		9B867C911F17EDEF002E6901 /* LaunchScreen.storyboard in Resources */ = {isa = PBXBuildFile; fileRef = 9B867C8F1F17EDEF002E6901 /* LaunchScreen.storyboard */; };
		9B867C991F17F19B002E6901 /* CellClass.swift in Sources */ = {isa = PBXBuildFile; fileRef = 9B867C981F17F19B002E6901 /* CellClass.swift */; };
		9B867CA21F17F5D8002E6901 /* img1.png in Resources */ = {isa = PBXBuildFile; fileRef = 9B867C9D1F17F5D8002E6901 /* img1.png */; };
		9B867CA31F17F5D8002E6901 /* img2.png in Resources */ = {isa = PBXBuildFile; fileRef = 9B867C9E1F17F5D8002E6901 /* img2.png */; };
		9B867CA41F17F5D8002E6901 /* img3.png in Resources */ = {isa = PBXBuildFile; fileRef = 9B867C9F1F17F5D8002E6901 /* img3.png */; };
		9B867CA51F17F5D8002E6901 /* img4.png in Resources */ = {isa = PBXBuildFile; fileRef = 9B867CA01F17F5D8002E6901 /* img4.png */; };
		9B867CA61F17F5D8002E6901 /* img5.png in Resources */ = {isa = PBXBuildFile; fileRef = 9B867CA11F17F5D8002E6901 /* img5.png */; };
		9B867CA91F1801D9002E6901 /* Chalkduster.ttf in Resources */ = {isa = PBXBuildFile; fileRef = 9B867CA81F1801D9002E6901 /* Chalkduster.ttf */; };
/* End PBXBuildFile section */

/* Begin PBXFileReference section */
		9B867C831F17EDEE002E6901 /* TableViewAdvanced.app */ = {isa = PBXFileReference; explicitFileType = wrapper.application; includeInIndex = 0; path = TableViewAdvanced.app; sourceTree = BUILT_PRODUCTS_DIR; };
		9B867C861F17EDEE002E6901 /* AppDelegate.swift */ = {isa = PBXFileReference; lastKnownFileType = sourcecode.swift; path = AppDelegate.swift; sourceTree = "<group>"; };
		9B867C881F17EDEE002E6901 /* ViewController.swift */ = {isa = PBXFileReference; lastKnownFileType = sourcecode.swift; path = ViewController.swift; sourceTree = "<group>"; };
		9B867C8B1F17EDEE002E6901 /* Base */ = {isa = PBXFileReference; lastKnownFileType = file.storyboard; name = Base; path = Base.lproj/Main.storyboard; sourceTree = "<group>"; };
		9B867C8D1F17EDEE002E6901 /* Assets.xcassets */ = {isa = PBXFileReference; lastKnownFileType = folder.assetcatalog; path = Assets.xcassets; sourceTree = "<group>"; };
		9B867C901F17EDEF002E6901 /* Base */ = {isa = PBXFileReference; lastKnownFileType = file.storyboard; name = Base; path = Base.lproj/LaunchScreen.storyboard; sourceTree = "<group>"; };
		9B867C921F17EDEF002E6901 /* Info.plist */ = {isa = PBXFileReference; lastKnownFileType = text.plist.xml; path = Info.plist; sourceTree = "<group>"; };
		9B867C981F17F19B002E6901 /* CellClass.swift */ = {isa = PBXFileReference; fileEncoding = 4; lastKnownFileType = sourcecode.swift; path = CellClass.swift; sourceTree = "<group>"; };
		9B867C9D1F17F5D8002E6901 /* img1.png */ = {isa = PBXFileReference; lastKnownFileType = image.png; name = img1.png; path = images/img1.png; sourceTree = "<group>"; };
		9B867C9E1F17F5D8002E6901 /* img2.png */ = {isa = PBXFileReference; lastKnownFileType = image.png; name = img2.png; path = images/img2.png; sourceTree = "<group>"; };
		9B867C9F1F17F5D8002E6901 /* img3.png */ = {isa = PBXFileReference; lastKnownFileType = image.png; name = img3.png; path = images/img3.png; sourceTree = "<group>"; };
		9B867CA01F17F5D8002E6901 /* img4.png */ = {isa = PBXFileReference; lastKnownFileType = image.png; name = img4.png; path = images/img4.png; sourceTree = "<group>"; };
		9B867CA11F17F5D8002E6901 /* img5.png */ = {isa = PBXFileReference; lastKnownFileType = image.png; name = img5.png; path = images/img5.png; sourceTree = "<group>"; };
		9B867CA81F1801D9002E6901 /* Chalkduster.ttf */ = {isa = PBXFileReference; lastKnownFileType = file; name = Chalkduster.ttf; path = fonts/Chalkduster.ttf; sourceTree = "<group>"; };
/* End PBXFileReference section */

/* Begin PBXFrameworksBuildPhase section */
		9B867C801F17EDEE002E6901 /* Frameworks */ = {
			isa = PBXFrameworksBuildPhase;
			buildActionMask = 2147483647;
			files = (
			);
			runOnlyForDeploymentPostprocessing = 0;
		};
/* End PBXFrameworksBuildPhase section */

/* Begin PBXGroup section */
		9B867C7A1F17EDEE002E6901 = {
			isa = PBXGroup;
			children = (
				9B867C851F17EDEE002E6901 /* TableViewAdvanced */,
				9B867C841F17EDEE002E6901 /* Products */,
			);
			sourceTree = "<group>";
		};
		9B867C841F17EDEE002E6901 /* Products */ = {
			isa = PBXGroup;
			children = (
				9B867C831F17EDEE002E6901 /* TableViewAdvanced.app */,
			);
			name = Products;
			sourceTree = "<group>";
		};
		9B867C851F17EDEE002E6901 /* TableViewAdvanced */ = {
			isa = PBXGroup;
			children = (
				9B867CA71F1801CA002E6901 /* fonts */,
				9B867C9A1F17F578002E6901 /* images */,
				9B867C861F17EDEE002E6901 /* AppDelegate.swift */,
				9B867C881F17EDEE002E6901 /* ViewController.swift */,
				9B867C8A1F17EDEE002E6901 /* Main.storyboard */,
				9B867C8D1F17EDEE002E6901 /* Assets.xcassets */,
				9B867C8F1F17EDEF002E6901 /* LaunchScreen.storyboard */,
				9B867C921F17EDEF002E6901 /* Info.plist */,
				9B867C981F17F19B002E6901 /* CellClass.swift */,
			);
			path = TableViewAdvanced;
			sourceTree = "<group>";
		};
		9B867C9A1F17F578002E6901 /* images */ = {
			isa = PBXGroup;
			children = (
				9B867C9D1F17F5D8002E6901 /* img1.png */,
				9B867C9E1F17F5D8002E6901 /* img2.png */,
				9B867C9F1F17F5D8002E6901 /* img3.png */,
				9B867CA01F17F5D8002E6901 /* img4.png */,
				9B867CA11F17F5D8002E6901 /* img5.png */,
			);
			name = images;
			sourceTree = "<group>";
		};
		9B867CA71F1801CA002E6901 /* fonts */ = {
			isa = PBXGroup;
			children = (
				9B867CA81F1801D9002E6901 /* Chalkduster.ttf */,
			);
			name = fonts;
			sourceTree = "<group>";
		};
/* End PBXGroup section */

/* Begin PBXNativeTarget section */
		9B867C821F17EDEE002E6901 /* TableViewAdvanced */ = {
			isa = PBXNativeTarget;
			buildConfigurationList = 9B867C951F17EDEF002E6901 /* Build configuration list for PBXNativeTarget "TableViewAdvanced" */;
			buildPhases = (
				9B867C7F1F17EDEE002E6901 /* Sources */,
				9B867C801F17EDEE002E6901 /* Frameworks */,
				9B867C811F17EDEE002E6901 /* Resources */,
			);
			buildRules = (
			);
			dependencies = (
			);
			name = TableViewAdvanced;
			productName = TableViewAdvanced;
			productReference = 9B867C831F17EDEE002E6901 /* TableViewAdvanced.app */;
			productType = "com.apple.product-type.application";
		};
/* End PBXNativeTarget section */

/* Begin PBXProject section */
		9B867C7B1F17EDEE002E6901 /* Project object */ = {
			isa = PBXProject;
			attributes = {
				LastSwiftUpdateCheck = 0820;
				LastUpgradeCheck = 0820;
				ORGANIZATIONNAME = eleves;
				TargetAttributes = {
					9B867C821F17EDEE002E6901 = {
						CreatedOnToolsVersion = 8.2;
						ProvisioningStyle = Automatic;
					};
				};
			};
			buildConfigurationList = 9B867C7E1F17EDEE002E6901 /* Build configuration list for PBXProject "TableViewAdvanced" */;
			compatibilityVersion = "Xcode 3.2";
			developmentRegion = English;
			hasScannedForEncodings = 0;
			knownRegions = (
				en,
				Base,
			);
			mainGroup = 9B867C7A1F17EDEE002E6901;
			productRefGroup = 9B867C841F17EDEE002E6901 /* Products */;
			projectDirPath = "";
			projectRoot = "";
			targets = (
				9B867C821F17EDEE002E6901 /* TableViewAdvanced */,
			);
		};
/* End PBXProject section */

/* Begin PBXResourcesBuildPhase section */
		9B867C811F17EDEE002E6901 /* Resources */ = {
			isa = PBXResourcesBuildPhase;
			buildActionMask = 2147483647;
			files = (
				9B867CA91F1801D9002E6901 /* Chalkduster.ttf in Resources */,
				9B867CA51F17F5D8002E6901 /* img4.png in Resources */,
				9B867C911F17EDEF002E6901 /* LaunchScreen.storyboard in Resources */,
				9B867CA31F17F5D8002E6901 /* img2.png in Resources */,
				9B867CA21F17F5D8002E6901 /* img1.png in Resources */,
				9B867C8E1F17EDEE002E6901 /* Assets.xcassets in Resources */,
				9B867CA61F17F5D8002E6901 /* img5.png in Resources */,
				9B867C8C1F17EDEE002E6901 /* Main.storyboard in Resources */,
				9B867CA41F17F5D8002E6901 /* img3.png in Resources */,
			);
			runOnlyForDeploymentPostprocessing = 0;
		};
/* End PBXResourcesBuildPhase section */

/* Begin PBXSourcesBuildPhase section */
		9B867C7F1F17EDEE002E6901 /* Sources */ = {
			isa = PBXSourcesBuildPhase;
			buildActionMask = 2147483647;
			files = (
				9B867C991F17F19B002E6901 /* CellClass.swift in Sources */,
				9B867C891F17EDEE002E6901 /* ViewController.swift in Sources */,
				9B867C871F17EDEE002E6901 /* AppDelegate.swift in Sources */,
			);
			runOnlyForDeploymentPostprocessing = 0;
		};
/* End PBXSourcesBuildPhase section */

/* Begin PBXVariantGroup section */
		9B867C8A1F17EDEE002E6901 /* Main.storyboard */ = {
			isa = PBXVariantGroup;
			children = (
				9B867C8B1F17EDEE002E6901 /* Base */,
			);
			name = Main.storyboard;
			sourceTree = "<group>";
		};
		9B867C8F1F17EDEF002E6901 /* LaunchScreen.storyboard */ = {
			isa = PBXVariantGroup;
			children = (
				9B867C901F17EDEF002E6901 /* Base */,
			);
			name = LaunchScreen.storyboard;
			sourceTree = "<group>";
		};
/* End PBXVariantGroup section */

/* Begin XCBuildConfiguration section */
		9B867C931F17EDEF002E6901 /* Debug */ = {
			isa = XCBuildConfiguration;
			buildSettings = {
				ALWAYS_SEARCH_USER_PATHS = NO;
				CLANG_ANALYZER_NONNULL = YES;
				CLANG_CXX_LANGUAGE_STANDARD = "gnu++0x";
				CLANG_CXX_LIBRARY = "libc++";
				CLANG_ENABLE_MODULES = YES;
				CLANG_ENABLE_OBJC_ARC = YES;
				CLANG_WARN_BOOL_CONVERSION = YES;
				CLANG_WARN_CONSTANT_CONVERSION = YES;
				CLANG_WARN_DIRECT_OBJC_ISA_USAGE = YES_ERROR;
				CLANG_WARN_DOCUMENTATION_COMMENTS = YES;
				CLANG_WARN_EMPTY_BODY = YES;
				CLANG_WARN_ENUM_CONVERSION = YES;
				CLANG_WARN_INFINITE_RECURSION = YES;
				CLANG_WARN_INT_CONVERSION = YES;
				CLANG_WARN_OBJC_ROOT_CLASS = YES_ERROR;
				CLANG_WARN_SUSPICIOUS_MOVE = YES;
				CLANG_WARN_UNREACHABLE_CODE = YES;
				CLANG_WARN__DUPLICATE_METHOD_MATCH = YES;
				"CODE_SIGN_IDENTITY[sdk=iphoneos*]" = "iPhone Developer";
				COPY_PHASE_STRIP = NO;
				DEBUG_INFORMATION_FORMAT = dwarf;
				ENABLE_STRICT_OBJC_MSGSEND = YES;
				ENABLE_TESTABILITY = YES;
				GCC_C_LANGUAGE_STANDARD = gnu99;
				GCC_DYNAMIC_NO_PIC = NO;
				GCC_NO_COMMON_BLOCKS = YES;
				GCC_OPTIMIZATION_LEVEL = 0;
				GCC_PREPROCESSOR_DEFINITIONS = (
					"DEBUG=1",
					"$(inherited)",
				);
				GCC_WARN_64_TO_32_BIT_CONVERSION = YES;
				GCC_WARN_ABOUT_RETURN_TYPE = YES_ERROR;
				GCC_WARN_UNDECLARED_SELECTOR = YES;
				GCC_WARN_UNINITIALIZED_AUTOS = YES_AGGRESSIVE;
				GCC_WARN_UNUSED_FUNCTION = YES;
				GCC_WARN_UNUSED_VARIABLE = YES;
				IPHONEOS_DEPLOYMENT_TARGET = 10.2;
				MTL_ENABLE_DEBUG_INFO = YES;
				ONLY_ACTIVE_ARCH = YES;
				SDKROOT = iphoneos;
				SWIFT_ACTIVE_COMPILATION_CONDITIONS = DEBUG;
				SWIFT_OPTIMIZATION_LEVEL = "-Onone";
				TARGETED_DEVICE_FAMILY = "1,2";
			};
			name = Debug;
		};
		9B867C941F17EDEF002E6901 /* Release */ = {
			isa = XCBuildConfiguration;
			buildSettings = {
				ALWAYS_SEARCH_USER_PATHS = NO;
				CLANG_ANALYZER_NONNULL = YES;
				CLANG_CXX_LANGUAGE_STANDARD = "gnu++0x";
				CLANG_CXX_LIBRARY = "libc++";
				CLANG_ENABLE_MODULES = YES;
				CLANG_ENABLE_OBJC_ARC = YES;
				CLANG_WARN_BOOL_CONVERSION = YES;
				CLANG_WARN_CONSTANT_CONVERSION = YES;
				CLANG_WARN_DIRECT_OBJC_ISA_USAGE = YES_ERROR;
				CLANG_WARN_DOCUMENTATION_COMMENTS = YES;
				CLANG_WARN_EMPTY_BODY = YES;
				CLANG_WARN_ENUM_CONVERSION = YES;
				CLANG_WARN_INFINITE_RECURSION = YES;
				CLANG_WARN_INT_CONVERSION = YES;
				CLANG_WARN_OBJC_ROOT_CLASS = YES_ERROR;
				CLANG_WARN_SUSPICIOUS_MOVE = YES;
				CLANG_WARN_UNREACHABLE_CODE = YES;
				CLANG_WARN__DUPLICATE_METHOD_MATCH = YES;
				"CODE_SIGN_IDENTITY[sdk=iphoneos*]" = "iPhone Developer";
				COPY_PHASE_STRIP = NO;
				DEBUG_INFORMATION_FORMAT = "dwarf-with-dsym";
				ENABLE_NS_ASSERTIONS = NO;
				ENABLE_STRICT_OBJC_MSGSEND = YES;
				GCC_C_LANGUAGE_STANDARD = gnu99;
				GCC_NO_COMMON_BLOCKS = YES;
				GCC_WARN_64_TO_32_BIT_CONVERSION = YES;
				GCC_WARN_ABOUT_RETURN_TYPE = YES_ERROR;
				GCC_WARN_UNDECLARED_SELECTOR = YES;
				GCC_WARN_UNINITIALIZED_AUTOS = YES_AGGRESSIVE;
				GCC_WARN_UNUSED_FUNCTION = YES;
				GCC_WARN_UNUSED_VARIABLE = YES;
				IPHONEOS_DEPLOYMENT_TARGET = 10.2;
				MTL_ENABLE_DEBUG_INFO = NO;
				SDKROOT = iphoneos;
				SWIFT_OPTIMIZATION_LEVEL = "-Owholemodule";
				TARGETED_DEVICE_FAMILY = "1,2";
				VALIDATE_PRODUCT = YES;
			};
			name = Release;
		};
		9B867C961F17EDEF002E6901 /* Debug */ = {
			isa = XCBuildConfiguration;
			buildSettings = {
				ASSETCATALOG_COMPILER_APPICON_NAME = AppIcon;
				INFOPLIST_FILE = TableViewAdvanced/Info.plist;
				LD_RUNPATH_SEARCH_PATHS = "$(inherited) @executable_path/Frameworks";
				PRODUCT_BUNDLE_IDENTIFIER = com.mariogeneau.TableViewAdvanced;
				PRODUCT_NAME = "$(TARGET_NAME)";
				SWIFT_VERSION = 3.0;
			};
			name = Debug;
		};
		9B867C971F17EDEF002E6901 /* Release */ = {
			isa = XCBuildConfiguration;
			buildSettings = {
				ASSETCATALOG_COMPILER_APPICON_NAME = AppIcon;
				INFOPLIST_FILE = TableViewAdvanced/Info.plist;
				LD_RUNPATH_SEARCH_PATHS = "$(inherited) @executable_path/Frameworks";
				PRODUCT_BUNDLE_IDENTIFIER = com.mariogeneau.TableViewAdvanced;
				PRODUCT_NAME = "$(TARGET_NAME)";
				SWIFT_VERSION = 3.0;
			};
			name = Release;
		};
/* End XCBuildConfiguration section */

/* Begin XCConfigurationList section */
		9B867C7E1F17EDEE002E6901 /* Build configuration list for PBXProject "TableViewAdvanced" */ = {
			isa = XCConfigurationList;
			buildConfigurations = (
				9B867C931F17EDEF002E6901 /* Debug */,
				9B867C941F17EDEF002E6901 /* Release */,
			);
			defaultConfigurationIsVisible = 0;
			defaultConfigurationName = Release;
		};
		9B867C951F17EDEF002E6901 /* Build configuration list for PBXNativeTarget "TableViewAdvanced" */ = {
			isa = XCConfigurationList;
			buildConfigurations = (
				9B867C961F17EDEF002E6901 /* Debug */,
				9B867C971F17EDEF002E6901 /* Release */,
			);
			defaultConfigurationIsVisible = 0;
		};
/* End XCConfigurationList section */
	};
	rootObject = 9B867C7B1F17EDEE002E6901 /* Project object */;
}
